
Microsoft Visual Studio Solution File, Format Version 12.00
# Visual Studio Version 17
VisualStudioVersion = 17.11.35005.142
MinimumVisualStudioVersion = 10.0.40219.1
Project("{9A19103F-16F7-4668-BE54-9A1E7A4F7556}") = "AvaloniaSqliteCurve", "AvaloniaSqliteCurve\AvaloniaSqliteCurve.csproj", "{12BE4959-F584-479C-A6F0-09716E068A3A}"
EndProject
Project("{FAE04EC0-301F-11D3-BF4B-00C04F79EFBC}") = "TestProject1", "TestProject1\TestProject1.csproj", "{48BE2AEC-83A0-4F86-BCE9-454C0B1B4B12}"
EndProject
Project("{FAE04EC0-301F-11D3-BF4B-00C04F79EFBC}") = "ConsoleApp1", "ConsoleApp1\ConsoleApp1.csproj", "{92208994-C4BF-44CA-9C15-766D2343088C}"
EndProject
Project("{FAE04EC0-301F-11D3-BF4B-00C04F79EFBC}") = "WinFormDemoForScottPlot", "WinFormDemoForScottPlot\WinFormDemoForScottPlot.csproj", "{B1C0FD76-0A84-44D5-A2D5-B114AA34D2EC}"
EndProject
Project("{FAE04EC0-301F-11D3-BF4B-00C04F79EFBC}") = "CfPlot.Avalonia.Demo.Desktop", "CfPlot.Avalonia.Demo.Desktop\CfPlot.Avalonia.Demo.Desktop.csproj", "{3A9D182C-B12F-4263-A0C0-BDFDB3987A7F}"
EndProject
Project("{FAE04EC0-301F-11D3-BF4B-00C04F79EFBC}") = "CfPlot.Avalonia", "CfPlot.Avalonia\CfPlot.Avalonia.csproj", "{1B3923DD-119D-4AF2-BA23-DDF2E8D1591B}"
EndProject
Project("{2150E333-8FDC-42A3-9474-1A3956D46DE8}") = "src", "src", "{81DAA13C-1F73-4D94-AC6C-25610CCFF93C}"
EndProject
Project("{2150E333-8FDC-42A3-9474-1A3956D46DE8}") = "demo", "demo", "{8FA45FA0-E4F4-4B2B-A76E-ACCDC94BEB58}"
EndProject
Project("{2150E333-8FDC-42A3-9474-1A3956D46DE8}") = "WinformDemo", "WinformDemo", "{02EA681E-C7D8-13C7-8484-4AC65E1B71E8}"
EndProject
Project("{FAE04EC0-301F-11D3-BF4B-00C04F79EFBC}") = "WinFormsScatterDemo", "WinFormsScatterDemo\WinFormsScatterDemo.csproj", "{D1982564-69C1-4F45-AA4C-7665C6BB36C8}"
EndProject
Project("{FAE04EC0-301F-11D3-BF4B-00C04F79EFBC}") = "WindowsFormsAppFXScatterDemo", "WindowsFormsAppFXScatterDemo\WindowsFormsAppFXScatterDemo.csproj", "{6A410B6D-69AF-4851-9829-FC58EADABDEB}"
EndProject
Global
	GlobalSection(SolutionConfigurationPlatforms) = preSolution
		Debug|Any CPU = Debug|Any CPU
		Release|Any CPU = Release|Any CPU
	EndGlobalSection
	GlobalSection(ProjectConfigurationPlatforms) = postSolution
		{12BE4959-F584-479C-A6F0-09716E068A3A}.Debug|Any CPU.ActiveCfg = Debug|Any CPU
		{12BE4959-F584-479C-A6F0-09716E068A3A}.Debug|Any CPU.Build.0 = Debug|Any CPU
		{12BE4959-F584-479C-A6F0-09716E068A3A}.Release|Any CPU.ActiveCfg = Release|Any CPU
		{12BE4959-F584-479C-A6F0-09716E068A3A}.Release|Any CPU.Build.0 = Release|Any CPU
		{48BE2AEC-83A0-4F86-BCE9-454C0B1B4B12}.Debug|Any CPU.ActiveCfg = Debug|Any CPU
		{48BE2AEC-83A0-4F86-BCE9-454C0B1B4B12}.Debug|Any CPU.Build.0 = Debug|Any CPU
		{48BE2AEC-83A0-4F86-BCE9-454C0B1B4B12}.Release|Any CPU.ActiveCfg = Release|Any CPU
		{48BE2AEC-83A0-4F86-BCE9-454C0B1B4B12}.Release|Any CPU.Build.0 = Release|Any CPU
		{92208994-C4BF-44CA-9C15-766D2343088C}.Debug|Any CPU.ActiveCfg = Debug|Any CPU
		{92208994-C4BF-44CA-9C15-766D2343088C}.Debug|Any CPU.Build.0 = Debug|Any CPU
		{92208994-C4BF-44CA-9C15-766D2343088C}.Release|Any CPU.ActiveCfg = Release|Any CPU
		{92208994-C4BF-44CA-9C15-766D2343088C}.Release|Any CPU.Build.0 = Release|Any CPU
		{B1C0FD76-0A84-44D5-A2D5-B114AA34D2EC}.Debug|Any CPU.ActiveCfg = Debug|Any CPU
		{B1C0FD76-0A84-44D5-A2D5-B114AA34D2EC}.Debug|Any CPU.Build.0 = Debug|Any CPU
		{B1C0FD76-0A84-44D5-A2D5-B114AA34D2EC}.Release|Any CPU.ActiveCfg = Release|Any CPU
		{B1C0FD76-0A84-44D5-A2D5-B114AA34D2EC}.Release|Any CPU.Build.0 = Release|Any CPU
		{3A9D182C-B12F-4263-A0C0-BDFDB3987A7F}.Debug|Any CPU.ActiveCfg = Debug|Any CPU
		{3A9D182C-B12F-4263-A0C0-BDFDB3987A7F}.Debug|Any CPU.Build.0 = Debug|Any CPU
		{3A9D182C-B12F-4263-A0C0-BDFDB3987A7F}.Release|Any CPU.ActiveCfg = Release|Any CPU
		{3A9D182C-B12F-4263-A0C0-BDFDB3987A7F}.Release|Any CPU.Build.0 = Release|Any CPU
		{1B3923DD-119D-4AF2-BA23-DDF2E8D1591B}.Debug|Any CPU.ActiveCfg = Debug|Any CPU
		{1B3923DD-119D-4AF2-BA23-DDF2E8D1591B}.Debug|Any CPU.Build.0 = Debug|Any CPU
		{1B3923DD-119D-4AF2-BA23-DDF2E8D1591B}.Release|Any CPU.ActiveCfg = Release|Any CPU
		{1B3923DD-119D-4AF2-BA23-DDF2E8D1591B}.Release|Any CPU.Build.0 = Release|Any CPU
		{D1982564-69C1-4F45-AA4C-7665C6BB36C8}.Debug|Any CPU.ActiveCfg = Debug|Any CPU
		{D1982564-69C1-4F45-AA4C-7665C6BB36C8}.Debug|Any CPU.Build.0 = Debug|Any CPU
		{D1982564-69C1-4F45-AA4C-7665C6BB36C8}.Release|Any CPU.ActiveCfg = Release|Any CPU
		{D1982564-69C1-4F45-AA4C-7665C6BB36C8}.Release|Any CPU.Build.0 = Release|Any CPU
		{6A410B6D-69AF-4851-9829-FC58EADABDEB}.Debug|Any CPU.ActiveCfg = Debug|Any CPU
		{6A410B6D-69AF-4851-9829-FC58EADABDEB}.Debug|Any CPU.Build.0 = Debug|Any CPU
		{6A410B6D-69AF-4851-9829-FC58EADABDEB}.Release|Any CPU.ActiveCfg = Release|Any CPU
		{6A410B6D-69AF-4851-9829-FC58EADABDEB}.Release|Any CPU.Build.0 = Release|Any CPU
	EndGlobalSection
	GlobalSection(SolutionProperties) = preSolution
		HideSolutionNode = FALSE
	EndGlobalSection
	GlobalSection(NestedProjects) = preSolution
		{B1C0FD76-0A84-44D5-A2D5-B114AA34D2EC} = {02EA681E-C7D8-13C7-8484-4AC65E1B71E8}
		{3A9D182C-B12F-4263-A0C0-BDFDB3987A7F} = {8FA45FA0-E4F4-4B2B-A76E-ACCDC94BEB58}
		{1B3923DD-119D-4AF2-BA23-DDF2E8D1591B} = {81DAA13C-1F73-4D94-AC6C-25610CCFF93C}
		{02EA681E-C7D8-13C7-8484-4AC65E1B71E8} = {8FA45FA0-E4F4-4B2B-A76E-ACCDC94BEB58}
		{D1982564-69C1-4F45-AA4C-7665C6BB36C8} = {02EA681E-C7D8-13C7-8484-4AC65E1B71E8}
		{6A410B6D-69AF-4851-9829-FC58EADABDEB} = {02EA681E-C7D8-13C7-8484-4AC65E1B71E8}
	EndGlobalSection
	GlobalSection(ExtensibilityGlobals) = postSolution
		SolutionGuid = {B5422488-2F38-490E-A541-A9CE5094FE09}
	EndGlobalSection
EndGlobal
