
Microsoft Visual Studio Solution File, Format Version 12.00
# Visual Studio Version 17
VisualStudioVersion = 17.11.35005.142
MinimumVisualStudioVersion = 10.0.40219.1
Project("{9A19103F-16F7-4668-BE54-9A1E7A4F7556}") = "AvaloniaSqliteCurve", "AvaloniaSqliteCurve\AvaloniaSqliteCurve.csproj", "{12BE4959-F584-479C-A6F0-09716E068A3A}"
EndProject
Project("{FAE04EC0-301F-11D3-BF4B-00C04F79EFBC}") = "TestProject1", "TestProject1\TestProject1.csproj", "{48BE2AEC-83A0-4F86-BCE9-454C0B1B4B12}"
EndProject
Project("{FAE04EC0-301F-11D3-BF4B-00C04F79EFBC}") = "ConsoleApp1", "ConsoleApp1\ConsoleApp1.csproj", "{92208994-C4BF-44CA-9C15-766D2343088C}"
EndProject
Project("{FAE04EC0-301F-11D3-BF4B-00C04F79EFBC}") = "ScottPlot.Avalonia", "..\..\ScottPlot\src\ScottPlot5\ScottPlot5 Controls\ScottPlot.Avalonia\ScottPlot.Avalonia.csproj", "{3DDFFD15-37A9-4AB0-AA71-61EEBD6E9212}"
EndProject
Project("{FAE04EC0-301F-11D3-BF4B-00C04F79EFBC}") = "WinFormDemoForScottPlot", "WinFormDemoForScottPlot\WinFormDemoForScottPlot.csproj", "{B1C0FD76-0A84-44D5-A2D5-B114AA34D2EC}"
EndProject
Global
	GlobalSection(SolutionConfigurationPlatforms) = preSolution
		Debug|Any CPU = Debug|Any CPU
		Release|Any CPU = Release|Any CPU
	EndGlobalSection
	GlobalSection(ProjectConfigurationPlatforms) = postSolution
		{12BE4959-F584-479C-A6F0-09716E068A3A}.Debug|Any CPU.ActiveCfg = Debug|Any CPU
		{12BE4959-F584-479C-A6F0-09716E068A3A}.Debug|Any CPU.Build.0 = Debug|Any CPU
		{12BE4959-F584-479C-A6F0-09716E068A3A}.Release|Any CPU.ActiveCfg = Release|Any CPU
		{12BE4959-F584-479C-A6F0-09716E068A3A}.Release|Any CPU.Build.0 = Release|Any CPU
		{48BE2AEC-83A0-4F86-BCE9-454C0B1B4B12}.Debug|Any CPU.ActiveCfg = Debug|Any CPU
		{48BE2AEC-83A0-4F86-BCE9-454C0B1B4B12}.Debug|Any CPU.Build.0 = Debug|Any CPU
		{48BE2AEC-83A0-4F86-BCE9-454C0B1B4B12}.Release|Any CPU.ActiveCfg = Release|Any CPU
		{48BE2AEC-83A0-4F86-BCE9-454C0B1B4B12}.Release|Any CPU.Build.0 = Release|Any CPU
		{92208994-C4BF-44CA-9C15-766D2343088C}.Debug|Any CPU.ActiveCfg = Debug|Any CPU
		{92208994-C4BF-44CA-9C15-766D2343088C}.Debug|Any CPU.Build.0 = Debug|Any CPU
		{92208994-C4BF-44CA-9C15-766D2343088C}.Release|Any CPU.ActiveCfg = Release|Any CPU
		{92208994-C4BF-44CA-9C15-766D2343088C}.Release|Any CPU.Build.0 = Release|Any CPU
		{3DDFFD15-37A9-4AB0-AA71-61EEBD6E9212}.Debug|Any CPU.ActiveCfg = Debug|Any CPU
		{3DDFFD15-37A9-4AB0-AA71-61EEBD6E9212}.Debug|Any CPU.Build.0 = Debug|Any CPU
		{3DDFFD15-37A9-4AB0-AA71-61EEBD6E9212}.Release|Any CPU.ActiveCfg = Release|Any CPU
		{3DDFFD15-37A9-4AB0-AA71-61EEBD6E9212}.Release|Any CPU.Build.0 = Release|Any CPU
		{B1C0FD76-0A84-44D5-A2D5-B114AA34D2EC}.Debug|Any CPU.ActiveCfg = Debug|Any CPU
		{B1C0FD76-0A84-44D5-A2D5-B114AA34D2EC}.Debug|Any CPU.Build.0 = Debug|Any CPU
		{B1C0FD76-0A84-44D5-A2D5-B114AA34D2EC}.Release|Any CPU.ActiveCfg = Release|Any CPU
		{B1C0FD76-0A84-44D5-A2D5-B114AA34D2EC}.Release|Any CPU.Build.0 = Release|Any CPU
	EndGlobalSection
	GlobalSection(SolutionProperties) = preSolution
		HideSolutionNode = FALSE
	EndGlobalSection
	GlobalSection(ExtensibilityGlobals) = postSolution
		SolutionGuid = {B5422488-2F38-490E-A541-A9CE5094FE09}
	EndGlobalSection
EndGlobal
